
Microsoft Visual Studio Solution File, Format Version 12.00
# Visual Studio Version 17
VisualStudioVersion = 17.5.002.0
MinimumVisualStudioVersion = 10.0.40219.1
Project("{9A19103F-16F7-4668-BE54-9A1E7A4F7556}") = "mvc", "mvc.csproj", "{84EBEA55-E88C-440B-B876-A7DD7D6EBBBF}"
EndProject
Global
	GlobalSection(SolutionConfigurationPlatforms) = preSolution
		Debug|Any CPU = Debug|Any CPU
		Release|Any CPU = Release|Any CPU
	EndGlobalSection
	GlobalSection(ProjectConfigurationPlatforms) = postSolution
		{84EBEA55-E88C-440B-B876-A7DD7D6EBBBF}.Debug|Any CPU.ActiveCfg = Debug|Any CPU
		{84EBEA55-E88C-440B-B876-A7DD7D6EBBBF}.Debug|Any CPU.Build.0 = Debug|Any CPU
		{84EBEA55-E88C-440B-B876-A7DD7D6EBBBF}.Release|Any CPU.ActiveCfg = Release|Any CPU
		{84EBEA55-E88C-440B-B876-A7DD7D6EBBBF}.Release|Any CPU.Build.0 = Release|Any CPU
	EndGlobalSection
	GlobalSection(SolutionProperties) = preSolution
		HideSolutionNode = FALSE
	EndGlobalSection
	GlobalSection(ExtensibilityGlobals) = postSolution
		SolutionGuid = {09FBC564-38AE-435E-A19F-98A35AB3832C}
	EndGlobalSection
EndGlobal
